
Microsoft Visual Studio Solution File, Format Version 12.00
# Visual Studio Version 17
VisualStudioVersion = 17.1.32210.238
MinimumVisualStudioVersion = 10.0.40219.1
Project("{9A19103F-16F7-4668-BE54-9A1E7A4F7556}") = "TestUserApi", "TestUserApi\TestUserApi.csproj", "{1CCD5CBA-01E3-4FD1-B37B-607816A393E8}"
EndProject
Project("{FAE04EC0-301F-11D3-BF4B-00C04F79EFBC}") = "UserLogin", "UserLogin\UserLogin.csproj", "{3505937F-B0E3-4516-B079-5615492D0F82}"
EndProject
Global
	GlobalSection(SolutionConfigurationPlatforms) = preSolution
		Debug|Any CPU = Debug|Any CPU
		Release|Any CPU = Release|Any CPU
	EndGlobalSection
	GlobalSection(ProjectConfigurationPlatforms) = postSolution
		{1CCD5CBA-01E3-4FD1-B37B-607816A393E8}.Debug|Any CPU.ActiveCfg = Debug|Any CPU
		{1CCD5CBA-01E3-4FD1-B37B-607816A393E8}.Debug|Any CPU.Build.0 = Debug|Any CPU
		{1CCD5CBA-01E3-4FD1-B37B-607816A393E8}.Release|Any CPU.ActiveCfg = Release|Any CPU
		{1CCD5CBA-01E3-4FD1-B37B-607816A393E8}.Release|Any CPU.Build.0 = Release|Any CPU
		{3505937F-B0E3-4516-B079-5615492D0F82}.Debug|Any CPU.ActiveCfg = Debug|Any CPU
		{3505937F-B0E3-4516-B079-5615492D0F82}.Debug|Any CPU.Build.0 = Debug|Any CPU
		{3505937F-B0E3-4516-B079-5615492D0F82}.Release|Any CPU.ActiveCfg = Release|Any CPU
		{3505937F-B0E3-4516-B079-5615492D0F82}.Release|Any CPU.Build.0 = Release|Any CPU
	EndGlobalSection
	GlobalSection(SolutionProperties) = preSolution
		HideSolutionNode = FALSE
	EndGlobalSection
	GlobalSection(ExtensibilityGlobals) = postSolution
		SolutionGuid = {42B7E0A2-F260-450A-A320-07053BE97CC3}
	EndGlobalSection
EndGlobal
